
Microsoft Visual Studio Solution File, Format Version 12.00
# Visual Studio Version 16
VisualStudioVersion = 16.0.31911.196
MinimumVisualStudioVersion = 10.0.40219.1
Project("{FAE04EC0-301F-11D3-BF4B-00C04F79EFBC}") = "SuspirarDoces.Domain", "SuspirarDoces.Domain\SuspirarDoces.Domain.csproj", "{7EECB7C3-92EF-45DE-A769-19E0F5460713}"
EndProject
Project("{FAE04EC0-301F-11D3-BF4B-00C04F79EFBC}") = "SuspirarDoces.Application", "SuspirarDoces.Application\SuspirarDoces.Application.csproj", "{C18FB0EC-D1DE-4CE0-AF3E-9E86E59613F3}"
EndProject
Project("{FAE04EC0-301F-11D3-BF4B-00C04F79EFBC}") = "SuspirarDoces.Infrastructure.Data", "SuspirarDoces.Infrastructure.Data\SuspirarDoces.Infrastructure.Data.csproj", "{3A4291FB-5CDE-4E1B-B2D4-97E404C6702E}"
EndProject
Project("{FAE04EC0-301F-11D3-BF4B-00C04F79EFBC}") = "SuspirarDoces.Infrastructure.IoC", "SuspirarDoces.Infrastructure.IoC\SuspirarDoces.Infrastructure.IoC.csproj", "{DF720217-3AC0-4198-8CA0-CC2891402AF3}"
EndProject
Project("{FAE04EC0-301F-11D3-BF4B-00C04F79EFBC}") = "SuspirarDoces.API", "SuspirarDoces.API\SuspirarDoces.API.csproj", "{BDF18DFE-90E0-4450-9724-CAA9696FEADD}"
EndProject
Global
	GlobalSection(SolutionConfigurationPlatforms) = preSolution
		Debug|Any CPU = Debug|Any CPU
		Release|Any CPU = Release|Any CPU
	EndGlobalSection
	GlobalSection(ProjectConfigurationPlatforms) = postSolution
		{7EECB7C3-92EF-45DE-A769-19E0F5460713}.Debug|Any CPU.ActiveCfg = Debug|Any CPU
		{7EECB7C3-92EF-45DE-A769-19E0F5460713}.Debug|Any CPU.Build.0 = Debug|Any CPU
		{7EECB7C3-92EF-45DE-A769-19E0F5460713}.Release|Any CPU.ActiveCfg = Release|Any CPU
		{7EECB7C3-92EF-45DE-A769-19E0F5460713}.Release|Any CPU.Build.0 = Release|Any CPU
		{C18FB0EC-D1DE-4CE0-AF3E-9E86E59613F3}.Debug|Any CPU.ActiveCfg = Debug|Any CPU
		{C18FB0EC-D1DE-4CE0-AF3E-9E86E59613F3}.Debug|Any CPU.Build.0 = Debug|Any CPU
		{C18FB0EC-D1DE-4CE0-AF3E-9E86E59613F3}.Release|Any CPU.ActiveCfg = Release|Any CPU
		{C18FB0EC-D1DE-4CE0-AF3E-9E86E59613F3}.Release|Any CPU.Build.0 = Release|Any CPU
		{3A4291FB-5CDE-4E1B-B2D4-97E404C6702E}.Debug|Any CPU.ActiveCfg = Debug|Any CPU
		{3A4291FB-5CDE-4E1B-B2D4-97E404C6702E}.Debug|Any CPU.Build.0 = Debug|Any CPU
		{3A4291FB-5CDE-4E1B-B2D4-97E404C6702E}.Release|Any CPU.ActiveCfg = Release|Any CPU
		{3A4291FB-5CDE-4E1B-B2D4-97E404C6702E}.Release|Any CPU.Build.0 = Release|Any CPU
		{DF720217-3AC0-4198-8CA0-CC2891402AF3}.Debug|Any CPU.ActiveCfg = Debug|Any CPU
		{DF720217-3AC0-4198-8CA0-CC2891402AF3}.Debug|Any CPU.Build.0 = Debug|Any CPU
		{DF720217-3AC0-4198-8CA0-CC2891402AF3}.Release|Any CPU.ActiveCfg = Release|Any CPU
		{DF720217-3AC0-4198-8CA0-CC2891402AF3}.Release|Any CPU.Build.0 = Release|Any CPU
		{BDF18DFE-90E0-4450-9724-CAA9696FEADD}.Debug|Any CPU.ActiveCfg = Debug|Any CPU
		{BDF18DFE-90E0-4450-9724-CAA9696FEADD}.Debug|Any CPU.Build.0 = Debug|Any CPU
		{BDF18DFE-90E0-4450-9724-CAA9696FEADD}.Release|Any CPU.ActiveCfg = Release|Any CPU
		{BDF18DFE-90E0-4450-9724-CAA9696FEADD}.Release|Any CPU.Build.0 = Release|Any CPU
	EndGlobalSection
	GlobalSection(SolutionProperties) = preSolution
		HideSolutionNode = FALSE
	EndGlobalSection
	GlobalSection(ExtensibilityGlobals) = postSolution
		SolutionGuid = {52D9AB6C-CBAC-4C57-A4F6-1A3320CA487D}
	EndGlobalSection
EndGlobal
